
Microsoft Visual Studio Solution File, Format Version 12.00
# Visual Studio Version 17
VisualStudioVersion = 17.9.34622.214
MinimumVisualStudioVersion = 10.0.40219.1
Project("{FAE04EC0-301F-11D3-BF4B-00C04F79EFBC}") = "Btl_Ltw_De17_khaoSatTrucTuyen", "Btl_Ltw_De17_khaoSatTrucTuyen\Btl_Ltw_De17_khaoSatTrucTuyen.csproj", "{590AB7D6-DE6B-47A4-A003-6C7C4D1918CF}"
EndProject
Global
	GlobalSection(SolutionConfigurationPlatforms) = preSolution
		Debug|Any CPU = Debug|Any CPU
		Release|Any CPU = Release|Any CPU
	EndGlobalSection
	GlobalSection(ProjectConfigurationPlatforms) = postSolution
		{590AB7D6-DE6B-47A4-A003-6C7C4D1918CF}.Debug|Any CPU.ActiveCfg = Debug|Any CPU
		{590AB7D6-DE6B-47A4-A003-6C7C4D1918CF}.Debug|Any CPU.Build.0 = Debug|Any CPU
		{590AB7D6-DE6B-47A4-A003-6C7C4D1918CF}.Release|Any CPU.ActiveCfg = Release|Any CPU
		{590AB7D6-DE6B-47A4-A003-6C7C4D1918CF}.Release|Any CPU.Build.0 = Release|Any CPU
	EndGlobalSection
	GlobalSection(SolutionProperties) = preSolution
		HideSolutionNode = FALSE
	EndGlobalSection
	GlobalSection(ExtensibilityGlobals) = postSolution
		SolutionGuid = {D32715AA-876E-43B4-A486-18561B6E7E8F}
	EndGlobalSection
EndGlobal
